
Microsoft Visual Studio Solution File, Format Version 12.00
# Visual Studio Version 17
VisualStudioVersion = 17.2.32526.322
MinimumVisualStudioVersion = 10.0.40219.1
Project("{FAE04EC0-301F-11D3-BF4B-00C04F79EFBC}") = "PlatformService", "PlatformService\PlatformService.csproj", "{8659F62C-0B43-45E0-BC65-79F6BC4719B4}"
EndProject
Global
	GlobalSection(SolutionConfigurationPlatforms) = preSolution
		Debug|Any CPU = Debug|Any CPU
		Release|Any CPU = Release|Any CPU
	EndGlobalSection
	GlobalSection(ProjectConfigurationPlatforms) = postSolution
		{8659F62C-0B43-45E0-BC65-79F6BC4719B4}.Debug|Any CPU.ActiveCfg = Debug|Any CPU
		{8659F62C-0B43-45E0-BC65-79F6BC4719B4}.Debug|Any CPU.Build.0 = Debug|Any CPU
		{8659F62C-0B43-45E0-BC65-79F6BC4719B4}.Release|Any CPU.ActiveCfg = Release|Any CPU
		{8659F62C-0B43-45E0-BC65-79F6BC4719B4}.Release|Any CPU.Build.0 = Release|Any CPU
	EndGlobalSection
	GlobalSection(SolutionProperties) = preSolution
		HideSolutionNode = FALSE
	EndGlobalSection
	GlobalSection(ExtensibilityGlobals) = postSolution
		SolutionGuid = {3DB629B5-68CC-4380-86AD-B997B96FFC07}
	EndGlobalSection
EndGlobal
